
Microsoft Visual Studio Solution File, Format Version 12.00
# Visual Studio Version 16
VisualStudioVersion = 16.0.31112.23
MinimumVisualStudioVersion = 10.0.40219.1
Project("{FAE04EC0-301F-11D3-BF4B-00C04F79EFBC}") = "FormAlumnos", "FormAlumnos\FormAlumnos.csproj", "{83A20445-381B-4186-B932-9F79EA2D1691}"
EndProject
Global
	GlobalSection(SolutionConfigurationPlatforms) = preSolution
		Debug|Any CPU = Debug|Any CPU
		Release|Any CPU = Release|Any CPU
	EndGlobalSection
	GlobalSection(ProjectConfigurationPlatforms) = postSolution
		{83A20445-381B-4186-B932-9F79EA2D1691}.Debug|Any CPU.ActiveCfg = Debug|Any CPU
		{83A20445-381B-4186-B932-9F79EA2D1691}.Debug|Any CPU.Build.0 = Debug|Any CPU
		{83A20445-381B-4186-B932-9F79EA2D1691}.Release|Any CPU.ActiveCfg = Release|Any CPU
		{83A20445-381B-4186-B932-9F79EA2D1691}.Release|Any CPU.Build.0 = Release|Any CPU
	EndGlobalSection
	GlobalSection(SolutionProperties) = preSolution
		HideSolutionNode = FALSE
	EndGlobalSection
	GlobalSection(ExtensibilityGlobals) = postSolution
		SolutionGuid = {5D6B3E8C-6258-4BFF-9C56-65873A8F7435}
	EndGlobalSection
EndGlobal
